
Microsoft Visual Studio Solution File, Format Version 12.00
# Visual Studio 14
VisualStudioVersion = 14.0.23107.0
MinimumVisualStudioVersion = 10.0.40219.1
Project("{FAE04EC0-301F-11D3-BF4B-00C04F79EFBC}") = "myOC-WebApp", "myOC-WebApp\myOC-WebApp.csproj", "{5311C207-5D0F-4C15-A1CC-873E152323A2}"
EndProject
Project("{FAE04EC0-301F-11D3-BF4B-00C04F79EFBC}") = "myOC-WebApp.Tests", "myOC-WebApp.Tests\myOC-WebApp.Tests.csproj", "{6B919DD4-15A8-44CB-A8BC-7B2D6E9C0C27}"
EndProject
Global
	GlobalSection(SolutionConfigurationPlatforms) = preSolution
		Debug|Any CPU = Debug|Any CPU
		Release|Any CPU = Release|Any CPU
	EndGlobalSection
	GlobalSection(ProjectConfigurationPlatforms) = postSolution
		{5311C207-5D0F-4C15-A1CC-873E152323A2}.Debug|Any CPU.ActiveCfg = Debug|Any CPU
		{5311C207-5D0F-4C15-A1CC-873E152323A2}.Debug|Any CPU.Build.0 = Debug|Any CPU
		{5311C207-5D0F-4C15-A1CC-873E152323A2}.Release|Any CPU.ActiveCfg = Release|Any CPU
		{5311C207-5D0F-4C15-A1CC-873E152323A2}.Release|Any CPU.Build.0 = Release|Any CPU
		{6B919DD4-15A8-44CB-A8BC-7B2D6E9C0C27}.Debug|Any CPU.ActiveCfg = Debug|Any CPU
		{6B919DD4-15A8-44CB-A8BC-7B2D6E9C0C27}.Debug|Any CPU.Build.0 = Debug|Any CPU
		{6B919DD4-15A8-44CB-A8BC-7B2D6E9C0C27}.Release|Any CPU.ActiveCfg = Release|Any CPU
		{6B919DD4-15A8-44CB-A8BC-7B2D6E9C0C27}.Release|Any CPU.Build.0 = Release|Any CPU
	EndGlobalSection
	GlobalSection(SolutionProperties) = preSolution
		HideSolutionNode = FALSE
	EndGlobalSection
EndGlobal
